// !$*UTF8*$!
{
	archiveVersion = 1;
	classes = {
	};
	objectVersion = 50;
	objects = {

/* Begin PBXBuildFile section */
		43624BF524AA8E4200E7F33F /* NieuwsInBeeldView.swift in Sources */ = {isa = PBXBuildFile; fileRef = 43624BF424AA8E4200E7F33F /* NieuwsInBeeldView.swift */; };
		43624BFC24AA901500E7F33F /* Photo.swift in Sources */ = {isa = PBXBuildFile; fileRef = 43624BFB24AA901500E7F33F /* Photo.swift */; };
		43624BFF24AA91A500E7F33F /* APIClient.swift in Sources */ = {isa = PBXBuildFile; fileRef = 43624BFE24AA91A500E7F33F /* APIClient.swift */; };
		43624C0124AA91D400E7F33F /* NOSAPIClient.swift in Sources */ = {isa = PBXBuildFile; fileRef = 43624C0024AA91D400E7F33F /* NOSAPIClient.swift */; };
/* End PBXBuildFile section */

/* Begin PBXFileReference section */
		43624BE724AA8E2900E7F33F /* NOSNieuwsInBeeld.saver */ = {isa = PBXFileReference; explicitFileType = wrapper.cfbundle; includeInIndex = 0; path = NOSNieuwsInBeeld.saver; sourceTree = BUILT_PRODUCTS_DIR; };
		43624BEE24AA8E2900E7F33F /* Info.plist */ = {isa = PBXFileReference; lastKnownFileType = text.plist.xml; path = Info.plist; sourceTree = "<group>"; };
		43624BF424AA8E4200E7F33F /* NieuwsInBeeldView.swift */ = {isa = PBXFileReference; lastKnownFileType = sourcecode.swift; path = NieuwsInBeeldView.swift; sourceTree = "<group>"; };
		43624BFB24AA901500E7F33F /* Photo.swift */ = {isa = PBXFileReference; lastKnownFileType = sourcecode.swift; path = Photo.swift; sourceTree = "<group>"; };
		43624BFE24AA91A500E7F33F /* APIClient.swift */ = {isa = PBXFileReference; lastKnownFileType = sourcecode.swift; path = APIClient.swift; sourceTree = "<group>"; };
		43624C0024AA91D400E7F33F /* NOSAPIClient.swift */ = {isa = PBXFileReference; lastKnownFileType = sourcecode.swift; path = NOSAPIClient.swift; sourceTree = "<group>"; };
/* End PBXFileReference section */

/* Begin PBXFrameworksBuildPhase section */
		43624BE424AA8E2900E7F33F /* Frameworks */ = {
			isa = PBXFrameworksBuildPhase;
			buildActionMask = 2147483647;
			files = (
			);
			runOnlyForDeploymentPostprocessing = 0;
		};
/* End PBXFrameworksBuildPhase section */

/* Begin PBXGroup section */
		43624BDD24AA8E2900E7F33F = {
			isa = PBXGroup;
			children = (
				43624BE924AA8E2900E7F33F /* NOSNieuwsInBeeld */,
				43624BE824AA8E2900E7F33F /* Products */,
			);
			sourceTree = "<group>";
		};
		43624BE824AA8E2900E7F33F /* Products */ = {
			isa = PBXGroup;
			children = (
				43624BE724AA8E2900E7F33F /* NOSNieuwsInBeeld.saver */,
			);
			name = Products;
			sourceTree = "<group>";
		};
		43624BE924AA8E2900E7F33F /* NOSNieuwsInBeeld */ = {
			isa = PBXGroup;
			children = (
				43624BFD24AA919700E7F33F /* Network */,
				43624BFA24AA900900E7F33F /* Model */,
				43624BF724AA8FD900E7F33F /* View */,
				43624BEE24AA8E2900E7F33F /* Info.plist */,
			);
			path = NOSNieuwsInBeeld;
			sourceTree = "<group>";
		};
		43624BF724AA8FD900E7F33F /* View */ = {
			isa = PBXGroup;
			children = (
				43624BF424AA8E4200E7F33F /* NieuwsInBeeldView.swift */,
			);
			path = View;
			sourceTree = "<group>";
		};
		43624BFA24AA900900E7F33F /* Model */ = {
			isa = PBXGroup;
			children = (
				43624BFB24AA901500E7F33F /* Photo.swift */,
			);
			path = Model;
			sourceTree = "<group>";
		};
		43624BFD24AA919700E7F33F /* Network */ = {
			isa = PBXGroup;
			children = (
				43624BFE24AA91A500E7F33F /* APIClient.swift */,
				43624C0024AA91D400E7F33F /* NOSAPIClient.swift */,
			);
			path = Network;
			sourceTree = "<group>";
		};
/* End PBXGroup section */

/* Begin PBXHeadersBuildPhase section */
		43624BE224AA8E2900E7F33F /* Headers */ = {
			isa = PBXHeadersBuildPhase;
			buildActionMask = 2147483647;
			files = (
			);
			runOnlyForDeploymentPostprocessing = 0;
		};
/* End PBXHeadersBuildPhase section */

/* Begin PBXNativeTarget section */
		43624BE624AA8E2900E7F33F /* NOSNieuwsInBeeld */ = {
			isa = PBXNativeTarget;
			buildConfigurationList = 43624BF124AA8E2900E7F33F /* Build configuration list for PBXNativeTarget "NOSNieuwsInBeeld" */;
			buildPhases = (
				43624BE224AA8E2900E7F33F /* Headers */,
				43624BE324AA8E2900E7F33F /* Sources */,
				43624BE424AA8E2900E7F33F /* Frameworks */,
				43624BE524AA8E2900E7F33F /* Resources */,
			);
			buildRules = (
			);
			dependencies = (
			);
			name = NOSNieuwsInBeeld;
			productName = NOSNieuwsInBeeld;
			productReference = 43624BE724AA8E2900E7F33F /* NOSNieuwsInBeeld.saver */;
			productType = "com.apple.product-type.bundle";
		};
/* End PBXNativeTarget section */

/* Begin PBXProject section */
		43624BDE24AA8E2900E7F33F /* Project object */ = {
			isa = PBXProject;
			attributes = {
				LastUpgradeCheck = 1150;
				ORGANIZATIONNAME = "App Department";
				TargetAttributes = {
					43624BE624AA8E2900E7F33F = {
						CreatedOnToolsVersion = 11.5;
						LastSwiftMigration = 1150;
					};
				};
			};
			buildConfigurationList = 43624BE124AA8E2900E7F33F /* Build configuration list for PBXProject "NOSNieuwsInBeeld" */;
			compatibilityVersion = "Xcode 9.3";
			developmentRegion = en;
			hasScannedForEncodings = 0;
			knownRegions = (
				en,
				Base,
			);
			mainGroup = 43624BDD24AA8E2900E7F33F;
			productRefGroup = 43624BE824AA8E2900E7F33F /* Products */;
			projectDirPath = "";
			projectRoot = "";
			targets = (
				43624BE624AA8E2900E7F33F /* NOSNieuwsInBeeld */,
			);
		};
/* End PBXProject section */

/* Begin PBXResourcesBuildPhase section */
		43624BE524AA8E2900E7F33F /* Resources */ = {
			isa = PBXResourcesBuildPhase;
			buildActionMask = 2147483647;
			files = (
			);
			runOnlyForDeploymentPostprocessing = 0;
		};
/* End PBXResourcesBuildPhase section */

/* Begin PBXSourcesBuildPhase section */
		43624BE324AA8E2900E7F33F /* Sources */ = {
			isa = PBXSourcesBuildPhase;
			buildActionMask = 2147483647;
			files = (
				43624BFC24AA901500E7F33F /* Photo.swift in Sources */,
				43624BF524AA8E4200E7F33F /* NieuwsInBeeldView.swift in Sources */,
				43624C0124AA91D400E7F33F /* NOSAPIClient.swift in Sources */,
				43624BFF24AA91A500E7F33F /* APIClient.swift in Sources */,
			);
			runOnlyForDeploymentPostprocessing = 0;
		};
/* End PBXSourcesBuildPhase section */

/* Begin XCBuildConfiguration section */
		43624BEF24AA8E2900E7F33F /* Debug */ = {
			isa = XCBuildConfiguration;
			buildSettings = {
				ALWAYS_SEARCH_USER_PATHS = NO;
				CLANG_ANALYZER_NONNULL = YES;
				CLANG_ANALYZER_NUMBER_OBJECT_CONVERSION = YES_AGGRESSIVE;
				CLANG_CXX_LANGUAGE_STANDARD = "gnu++14";
				CLANG_CXX_LIBRARY = "libc++";
				CLANG_ENABLE_MODULES = YES;
				CLANG_ENABLE_OBJC_ARC = YES;
				CLANG_ENABLE_OBJC_WEAK = YES;
				CLANG_WARN_BLOCK_CAPTURE_AUTORELEASING = YES;
				CLANG_WARN_BOOL_CONVERSION = YES;
				CLANG_WARN_COMMA = YES;
				CLANG_WARN_CONSTANT_CONVERSION = YES;
				CLANG_WARN_DEPRECATED_OBJC_IMPLEMENTATIONS = YES;
				CLANG_WARN_DIRECT_OBJC_ISA_USAGE = YES_ERROR;
				CLANG_WARN_DOCUMENTATION_COMMENTS = YES;
				CLANG_WARN_EMPTY_BODY = YES;
				CLANG_WARN_ENUM_CONVERSION = YES;
				CLANG_WARN_INFINITE_RECURSION = YES;
				CLANG_WARN_INT_CONVERSION = YES;
				CLANG_WARN_NON_LITERAL_NULL_CONVERSION = YES;
				CLANG_WARN_OBJC_IMPLICIT_RETAIN_SELF = YES;
				CLANG_WARN_OBJC_LITERAL_CONVERSION = YES;
				CLANG_WARN_OBJC_ROOT_CLASS = YES_ERROR;
				CLANG_WARN_RANGE_LOOP_ANALYSIS = YES;
				CLANG_WARN_STRICT_PROTOTYPES = YES;
				CLANG_WARN_SUSPICIOUS_MOVE = YES;
				CLANG_WARN_UNGUARDED_AVAILABILITY = YES_AGGRESSIVE;
				CLANG_WARN_UNREACHABLE_CODE = YES;
				CLANG_WARN__DUPLICATE_METHOD_MATCH = YES;
				COPY_PHASE_STRIP = NO;
				DEBUG_INFORMATION_FORMAT = dwarf;
				ENABLE_STRICT_OBJC_MSGSEND = YES;
				ENABLE_TESTABILITY = YES;
				GCC_C_LANGUAGE_STANDARD = gnu11;
				GCC_DYNAMIC_NO_PIC = NO;
				GCC_NO_COMMON_BLOCKS = YES;
				GCC_OPTIMIZATION_LEVEL = 0;
				GCC_PREPROCESSOR_DEFINITIONS = (
					"DEBUG=1",
					"$(inherited)",
				);
				GCC_WARN_64_TO_32_BIT_CONVERSION = YES;
				GCC_WARN_ABOUT_RETURN_TYPE = YES_ERROR;
				GCC_WARN_UNDECLARED_SELECTOR = YES;
				GCC_WARN_UNINITIALIZED_AUTOS = YES_AGGRESSIVE;
				GCC_WARN_UNUSED_FUNCTION = YES;
				GCC_WARN_UNUSED_VARIABLE = YES;
				MACOSX_DEPLOYMENT_TARGET = 10.15;
				MTL_ENABLE_DEBUG_INFO = INCLUDE_SOURCE;
				MTL_FAST_MATH = YES;
				ONLY_ACTIVE_ARCH = YES;
				SDKROOT = macosx;
			};
			name = Debug;
		};
		43624BF024AA8E2900E7F33F /* Release */ = {
			isa = XCBuildConfiguration;
			buildSettings = {
				ALWAYS_SEARCH_USER_PATHS = NO;
				CLANG_ANALYZER_NONNULL = YES;
				CLANG_ANALYZER_NUMBER_OBJECT_CONVERSION = YES_AGGRESSIVE;
				CLANG_CXX_LANGUAGE_STANDARD = "gnu++14";
				CLANG_CXX_LIBRARY = "libc++";
				CLANG_ENABLE_MODULES = YES;
				CLANG_ENABLE_OBJC_ARC = YES;
				CLANG_ENABLE_OBJC_WEAK = YES;
				CLANG_WARN_BLOCK_CAPTURE_AUTORELEASING = YES;
				CLANG_WARN_BOOL_CONVERSION = YES;
				CLANG_WARN_COMMA = YES;
				CLANG_WARN_CONSTANT_CONVERSION = YES;
				CLANG_WARN_DEPRECATED_OBJC_IMPLEMENTATIONS = YES;
				CLANG_WARN_DIRECT_OBJC_ISA_USAGE = YES_ERROR;
				CLANG_WARN_DOCUMENTATION_COMMENTS = YES;
				CLANG_WARN_EMPTY_BODY = YES;
				CLANG_WARN_ENUM_CONVERSION = YES;
				CLANG_WARN_INFINITE_RECURSION = YES;
				CLANG_WARN_INT_CONVERSION = YES;
				CLANG_WARN_NON_LITERAL_NULL_CONVERSION = YES;
				CLANG_WARN_OBJC_IMPLICIT_RETAIN_SELF = YES;
				CLANG_WARN_OBJC_LITERAL_CONVERSION = YES;
				CLANG_WARN_OBJC_ROOT_CLASS = YES_ERROR;
				CLANG_WARN_RANGE_LOOP_ANALYSIS = YES;
				CLANG_WARN_STRICT_PROTOTYPES = YES;
				CLANG_WARN_SUSPICIOUS_MOVE = YES;
				CLANG_WARN_UNGUARDED_AVAILABILITY = YES_AGGRESSIVE;
				CLANG_WARN_UNREACHABLE_CODE = YES;
				CLANG_WARN__DUPLICATE_METHOD_MATCH = YES;
				COPY_PHASE_STRIP = NO;
				DEBUG_INFORMATION_FORMAT = "dwarf-with-dsym";
				ENABLE_NS_ASSERTIONS = NO;
				ENABLE_STRICT_OBJC_MSGSEND = YES;
				GCC_C_LANGUAGE_STANDARD = gnu11;
				GCC_NO_COMMON_BLOCKS = YES;
				GCC_WARN_64_TO_32_BIT_CONVERSION = YES;
				GCC_WARN_ABOUT_RETURN_TYPE = YES_ERROR;
				GCC_WARN_UNDECLARED_SELECTOR = YES;
				GCC_WARN_UNINITIALIZED_AUTOS = YES_AGGRESSIVE;
				GCC_WARN_UNUSED_FUNCTION = YES;
				GCC_WARN_UNUSED_VARIABLE = YES;
				MACOSX_DEPLOYMENT_TARGET = 10.15;
				MTL_ENABLE_DEBUG_INFO = NO;
				MTL_FAST_MATH = YES;
				SDKROOT = macosx;
			};
			name = Release;
		};
		43624BF224AA8E2900E7F33F /* Debug */ = {
			isa = XCBuildConfiguration;
			buildSettings = {
				CLANG_ENABLE_MODULES = YES;
				CODE_SIGN_STYLE = Automatic;
				COMBINE_HIDPI_IMAGES = YES;
				DEVELOPMENT_TEAM = J5YAYB645T;
				INFOPLIST_FILE = NOSNieuwsInBeeld/Info.plist;
				INSTALL_PATH = "$(HOME)/Library/Screen Savers";
				LD_RUNPATH_SEARCH_PATHS = (
					"$(inherited)",
					"@executable_path/../Frameworks",
					"@loader_path/../Frameworks",
				);
				PRODUCT_BUNDLE_IDENTIFIER = "com.app-department.NOSNieuwsInBeeld";
				PRODUCT_NAME = "$(TARGET_NAME)";
				SWIFT_OPTIMIZATION_LEVEL = "-Onone";
				SWIFT_VERSION = 5.0;
				WRAPPER_EXTENSION = saver;
			};
			name = Debug;
		};
		43624BF324AA8E2900E7F33F /* Release */ = {
			isa = XCBuildConfiguration;
			buildSettings = {
				CLANG_ENABLE_MODULES = YES;
				CODE_SIGN_STYLE = Automatic;
				COMBINE_HIDPI_IMAGES = YES;
				DEVELOPMENT_TEAM = J5YAYB645T;
				INFOPLIST_FILE = NOSNieuwsInBeeld/Info.plist;
				INSTALL_PATH = "$(HOME)/Library/Screen Savers";
				LD_RUNPATH_SEARCH_PATHS = (
					"$(inherited)",
					"@executable_path/../Frameworks",
					"@loader_path/../Frameworks",
				);
				PRODUCT_BUNDLE_IDENTIFIER = "com.app-department.NOSNieuwsInBeeld";
				PRODUCT_NAME = "$(TARGET_NAME)";
				SWIFT_VERSION = 5.0;
				WRAPPER_EXTENSION = saver;
			};
			name = Release;
		};
/* End XCBuildConfiguration section */

/* Begin XCConfigurationList section */
		43624BE124AA8E2900E7F33F /* Build configuration list for PBXProject "NOSNieuwsInBeeld" */ = {
			isa = XCConfigurationList;
			buildConfigurations = (
				43624BEF24AA8E2900E7F33F /* Debug */,
				43624BF024AA8E2900E7F33F /* Release */,
			);
			defaultConfigurationIsVisible = 0;
			defaultConfigurationName = Release;
		};
		43624BF124AA8E2900E7F33F /* Build configuration list for PBXNativeTarget "NOSNieuwsInBeeld" */ = {
			isa = XCConfigurationList;
			buildConfigurations = (
				43624BF224AA8E2900E7F33F /* Debug */,
				43624BF324AA8E2900E7F33F /* Release */,
			);
			defaultConfigurationIsVisible = 0;
			defaultConfigurationName = Release;
		};
/* End XCConfigurationList section */
	};
	rootObject = 43624BDE24AA8E2900E7F33F /* Project object */;
}
